// !$*UTF8*$!
{
	archiveVersion = 1;
	classes = {
	};
	objectVersion = 55;
	objects = {

/* Begin PBXBuildFile section */
		9037438D2731EA680057AC6E /* AppDelegate.swift in Sources */ = {isa = PBXBuildFile; fileRef = 9037438C2731EA680057AC6E /* AppDelegate.swift */; };
		903743912731EA680057AC6E /* ViewController.swift in Sources */ = {isa = PBXBuildFile; fileRef = 903743902731EA680057AC6E /* ViewController.swift */; };
		903743962731EA6E0057AC6E /* Assets.xcassets in Resources */ = {isa = PBXBuildFile; fileRef = 903743952731EA6E0057AC6E /* Assets.xcassets */; };
		903743992731EA6E0057AC6E /* LaunchScreen.storyboard in Resources */ = {isa = PBXBuildFile; fileRef = 903743972731EA6E0057AC6E /* LaunchScreen.storyboard */; };
		903743A22731F2B90057AC6E /* FirebaseAnalytics in Frameworks */ = {isa = PBXBuildFile; productRef = 903743A12731F2B90057AC6E /* FirebaseAnalytics */; };
		903743A42731F2B90057AC6E /* FirebaseRemoteConfig in Frameworks */ = {isa = PBXBuildFile; productRef = 903743A32731F2B90057AC6E /* FirebaseRemoteConfig */; };
		903743A62731F2F60057AC6E /* GoogleService-Info.plist in Resources */ = {isa = PBXBuildFile; fileRef = 903743A52731F2F60057AC6E /* GoogleService-Info.plist */; };
		90ECA3862731F83E007F538B /* ConnectivityManager.swift in Sources */ = {isa = PBXBuildFile; fileRef = 90ECA3852731F83E007F538B /* ConnectivityManager.swift */; };
		90ECA3892731F9DB007F538B /* ConnectivityManagerProtocol.swift in Sources */ = {isa = PBXBuildFile; fileRef = 90ECA3882731F9DB007F538B /* ConnectivityManagerProtocol.swift */; };
		90ECA38D2731FA8C007F538B /* SplashViewModel.swift in Sources */ = {isa = PBXBuildFile; fileRef = 90ECA38C2731FA8C007F538B /* SplashViewModel.swift */; };
		90ECA38F2731FC72007F538B /* SplashViewState.swift in Sources */ = {isa = PBXBuildFile; fileRef = 90ECA38E2731FC72007F538B /* SplashViewState.swift */; };
		90ECA3922731FE1D007F538B /* FirebaseRemoteConfigManager.swift in Sources */ = {isa = PBXBuildFile; fileRef = 90ECA3912731FE1D007F538B /* FirebaseRemoteConfigManager.swift */; };
		90ECA3942732018A007F538B /* FirebaseRemoteConfigManagerProtocol.swift in Sources */ = {isa = PBXBuildFile; fileRef = 90ECA3932732018A007F538B /* FirebaseRemoteConfigManagerProtocol.swift */; };
		90ECA39627320F39007F538B /* SplashViewController.swift in Sources */ = {isa = PBXBuildFile; fileRef = 90ECA39527320F39007F538B /* SplashViewController.swift */; };
		90ECA39A27320F60007F538B /* BaseViewController.swift in Sources */ = {isa = PBXBuildFile; fileRef = 90ECA39927320F60007F538B /* BaseViewController.swift */; };
		90ECA3AC27320FF9007F538B /* Roboto-Medium.ttf in Resources */ = {isa = PBXBuildFile; fileRef = 90ECA39F27320FF9007F538B /* Roboto-Medium.ttf */; };
		90ECA3AE27320FF9007F538B /* Roboto-Regular.ttf in Resources */ = {isa = PBXBuildFile; fileRef = 90ECA3A127320FF9007F538B /* Roboto-Regular.ttf */; };
		90ECA3B427320FF9007F538B /* LICENSE.txt in Resources */ = {isa = PBXBuildFile; fileRef = 90ECA3A727320FF9007F538B /* LICENSE.txt */; };
		90ECA3B627320FF9007F538B /* Roboto-Bold.ttf in Resources */ = {isa = PBXBuildFile; fileRef = 90ECA3A927320FF9007F538B /* Roboto-Bold.ttf */; };
		90ECA3BB27321035007F538B /* MainFont.swift in Sources */ = {isa = PBXBuildFile; fileRef = 90ECA3BA27321035007F538B /* MainFont.swift */; };
		90ECA3BE2732108A007F538B /* GenericValueProtocol.swift in Sources */ = {isa = PBXBuildFile; fileRef = 90ECA3BD2732108A007F538B /* GenericValueProtocol.swift */; };
		90ECA3C127321107007F538B /* PageViewImages.swift in Sources */ = {isa = PBXBuildFile; fileRef = 90ECA3C027321107007F538B /* PageViewImages.swift */; };
		90ECA3C42732135C007F538B /* SplashViewBuilder.swift in Sources */ = {isa = PBXBuildFile; fileRef = 90ECA3C32732135C007F538B /* SplashViewBuilder.swift */; };
		90ECA3C727321828007F538B /* Reachability in Frameworks */ = {isa = PBXBuildFile; productRef = 90ECA3C627321828007F538B /* Reachability */; };
		90ECA3C927335D7A007F538B /* GenericBaseView.swift in Sources */ = {isa = PBXBuildFile; fileRef = 90ECA3C827335D7A007F538B /* GenericBaseView.swift */; };
		90ECA3CB27335D94007F538B /* BaseView.swift in Sources */ = {isa = PBXBuildFile; fileRef = 90ECA3CA27335D94007F538B /* BaseView.swift */; };
		90ECA3CF27335DE2007F538B /* MovieCardData.swift in Sources */ = {isa = PBXBuildFile; fileRef = 90ECA3CE27335DE2007F538B /* MovieCardData.swift */; };
		90ECA3D127335E64007F538B /* MovieCardView.swift in Sources */ = {isa = PBXBuildFile; fileRef = 90ECA3D027335E64007F538B /* MovieCardView.swift */; };
		90ECA3D427335EB8007F538B /* OMDBColor.swift in Sources */ = {isa = PBXBuildFile; fileRef = 90ECA3D327335EB8007F538B /* OMDBColor.swift */; };
		90ECA3DA27335F91007F538B /* CustomImageViewComponentContainer.swift in Sources */ = {isa = PBXBuildFile; fileRef = 90ECA3D627335F91007F538B /* CustomImageViewComponentContainer.swift */; };
		90ECA3DB27335F91007F538B /* CustomImageViewComponentData.swift in Sources */ = {isa = PBXBuildFile; fileRef = 90ECA3D727335F91007F538B /* CustomImageViewComponentData.swift */; };
		90ECA3DC27335F91007F538B /* CustomImageViewComponent.swift in Sources */ = {isa = PBXBuildFile; fileRef = 90ECA3D827335F91007F538B /* CustomImageViewComponent.swift */; };
		90ECA3DD27335F91007F538B /* CustomImageLoadingType.swift in Sources */ = {isa = PBXBuildFile; fileRef = 90ECA3D927335F91007F538B /* CustomImageLoadingType.swift */; };
		90ECA3DF273360B3007F538B /* GenericDataProtocol.swift in Sources */ = {isa = PBXBuildFile; fileRef = 90ECA3DE273360B3007F538B /* GenericDataProtocol.swift */; };
		90ECA3E227336173007F538B /* ImageCacheManager.swift in Sources */ = {isa = PBXBuildFile; fileRef = 90ECA3E127336173007F538B /* ImageCacheManager.swift */; };
		90ECA3E427336248007F538B /* GenericCollectionViewCell.swift in Sources */ = {isa = PBXBuildFile; fileRef = 90ECA3E327336248007F538B /* GenericCollectionViewCell.swift */; };
		90ECA3E627336272007F538B /* BaseCollectionViewCell.swift in Sources */ = {isa = PBXBuildFile; fileRef = 90ECA3E527336272007F538B /* BaseCollectionViewCell.swift */; };
		90ECA3EA2733633E007F538B /* MovieCardDisplayerCollectionCellView.swift in Sources */ = {isa = PBXBuildFile; fileRef = 90ECA3E92733633E007F538B /* MovieCardDisplayerCollectionCellView.swift */; };
		90ECA3ED273363F3007F538B /* CollectionComponentData.swift in Sources */ = {isa = PBXBuildFile; fileRef = 90ECA3EC273363F3007F538B /* CollectionComponentData.swift */; };
		90ECA3EF27336424007F538B /* CollectionComponentDelegate.swift in Sources */ = {isa = PBXBuildFile; fileRef = 90ECA3EE27336424007F538B /* CollectionComponentDelegate.swift */; };
		90ECA3F12733644A007F538B /* CollectionComponent.swift in Sources */ = {isa = PBXBuildFile; fileRef = 90ECA3F02733644A007F538B /* CollectionComponent.swift */; };
		90ECA3F3273364D2007F538B /* LoadingCellView.swift in Sources */ = {isa = PBXBuildFile; fileRef = 90ECA3F2273364D2007F538B /* LoadingCellView.swift */; };
		90ECA3F627336525007F538B /* UIView+Extensions.swift in Sources */ = {isa = PBXBuildFile; fileRef = 90ECA3F527336525007F538B /* UIView+Extensions.swift */; };
		90ECA3F82733657D007F538B /* UICollectionView+Extensions.swift in Sources */ = {isa = PBXBuildFile; fileRef = 90ECA3F72733657D007F538B /* UICollectionView+Extensions.swift */; };
/* End PBXBuildFile section */

/* Begin PBXFileReference section */
		903743892731EA680057AC6E /* OMDB.app */ = {isa = PBXFileReference; explicitFileType = wrapper.application; includeInIndex = 0; path = OMDB.app; sourceTree = BUILT_PRODUCTS_DIR; };
		9037438C2731EA680057AC6E /* AppDelegate.swift */ = {isa = PBXFileReference; lastKnownFileType = sourcecode.swift; path = AppDelegate.swift; sourceTree = "<group>"; };
		903743902731EA680057AC6E /* ViewController.swift */ = {isa = PBXFileReference; lastKnownFileType = sourcecode.swift; path = ViewController.swift; sourceTree = "<group>"; };
		903743952731EA6E0057AC6E /* Assets.xcassets */ = {isa = PBXFileReference; lastKnownFileType = folder.assetcatalog; path = Assets.xcassets; sourceTree = "<group>"; };
		903743982731EA6E0057AC6E /* Base */ = {isa = PBXFileReference; lastKnownFileType = file.storyboard; name = Base; path = Base.lproj/LaunchScreen.storyboard; sourceTree = "<group>"; };
		9037439A2731EA6E0057AC6E /* Info.plist */ = {isa = PBXFileReference; lastKnownFileType = text.plist.xml; path = Info.plist; sourceTree = "<group>"; };
		903743A52731F2F60057AC6E /* GoogleService-Info.plist */ = {isa = PBXFileReference; fileEncoding = 4; lastKnownFileType = text.plist.xml; path = "GoogleService-Info.plist"; sourceTree = "<group>"; };
		90ECA3852731F83E007F538B /* ConnectivityManager.swift */ = {isa = PBXFileReference; lastKnownFileType = sourcecode.swift; path = ConnectivityManager.swift; sourceTree = "<group>"; };
		90ECA3882731F9DB007F538B /* ConnectivityManagerProtocol.swift */ = {isa = PBXFileReference; lastKnownFileType = sourcecode.swift; path = ConnectivityManagerProtocol.swift; sourceTree = "<group>"; };
		90ECA38C2731FA8C007F538B /* SplashViewModel.swift */ = {isa = PBXFileReference; lastKnownFileType = sourcecode.swift; name = SplashViewModel.swift; path = OMDB/Managers/ConnectivityManager/SplashViewModel.swift; sourceTree = SOURCE_ROOT; };
		90ECA38E2731FC72007F538B /* SplashViewState.swift */ = {isa = PBXFileReference; lastKnownFileType = sourcecode.swift; name = SplashViewState.swift; path = OMDB/Managers/ConnectivityManager/SplashViewState.swift; sourceTree = SOURCE_ROOT; };
		90ECA3912731FE1D007F538B /* FirebaseRemoteConfigManager.swift */ = {isa = PBXFileReference; lastKnownFileType = sourcecode.swift; path = FirebaseRemoteConfigManager.swift; sourceTree = "<group>"; };
		90ECA3932732018A007F538B /* FirebaseRemoteConfigManagerProtocol.swift */ = {isa = PBXFileReference; lastKnownFileType = sourcecode.swift; path = FirebaseRemoteConfigManagerProtocol.swift; sourceTree = "<group>"; };
		90ECA39527320F39007F538B /* SplashViewController.swift */ = {isa = PBXFileReference; lastKnownFileType = sourcecode.swift; path = SplashViewController.swift; sourceTree = "<group>"; };
		90ECA39927320F60007F538B /* BaseViewController.swift */ = {isa = PBXFileReference; lastKnownFileType = sourcecode.swift; path = BaseViewController.swift; sourceTree = "<group>"; };
		90ECA39F27320FF9007F538B /* Roboto-Medium.ttf */ = {isa = PBXFileReference; lastKnownFileType = file; path = "Roboto-Medium.ttf"; sourceTree = "<group>"; };
		90ECA3A127320FF9007F538B /* Roboto-Regular.ttf */ = {isa = PBXFileReference; lastKnownFileType = file; path = "Roboto-Regular.ttf"; sourceTree = "<group>"; };
		90ECA3A727320FF9007F538B /* LICENSE.txt */ = {isa = PBXFileReference; fileEncoding = 4; lastKnownFileType = text; path = LICENSE.txt; sourceTree = "<group>"; };
		90ECA3A927320FF9007F538B /* Roboto-Bold.ttf */ = {isa = PBXFileReference; lastKnownFileType = file; path = "Roboto-Bold.ttf"; sourceTree = "<group>"; };
		90ECA3BA27321035007F538B /* MainFont.swift */ = {isa = PBXFileReference; lastKnownFileType = sourcecode.swift; path = MainFont.swift; sourceTree = "<group>"; };
		90ECA3BD2732108A007F538B /* GenericValueProtocol.swift */ = {isa = PBXFileReference; lastKnownFileType = sourcecode.swift; path = GenericValueProtocol.swift; sourceTree = "<group>"; };
		90ECA3C027321107007F538B /* PageViewImages.swift */ = {isa = PBXFileReference; lastKnownFileType = sourcecode.swift; path = PageViewImages.swift; sourceTree = "<group>"; };
		90ECA3C32732135C007F538B /* SplashViewBuilder.swift */ = {isa = PBXFileReference; lastKnownFileType = sourcecode.swift; path = SplashViewBuilder.swift; sourceTree = "<group>"; };
		90ECA3C827335D7A007F538B /* GenericBaseView.swift */ = {isa = PBXFileReference; lastKnownFileType = sourcecode.swift; path = GenericBaseView.swift; sourceTree = "<group>"; };
		90ECA3CA27335D94007F538B /* BaseView.swift */ = {isa = PBXFileReference; lastKnownFileType = sourcecode.swift; path = BaseView.swift; sourceTree = "<group>"; };
		90ECA3CE27335DE2007F538B /* MovieCardData.swift */ = {isa = PBXFileReference; lastKnownFileType = sourcecode.swift; path = MovieCardData.swift; sourceTree = "<group>"; };
		90ECA3D027335E64007F538B /* MovieCardView.swift */ = {isa = PBXFileReference; lastKnownFileType = sourcecode.swift; path = MovieCardView.swift; sourceTree = "<group>"; };
		90ECA3D327335EB8007F538B /* OMDBColor.swift */ = {isa = PBXFileReference; lastKnownFileType = sourcecode.swift; path = OMDBColor.swift; sourceTree = "<group>"; };
		90ECA3D627335F91007F538B /* CustomImageViewComponentContainer.swift */ = {isa = PBXFileReference; fileEncoding = 4; lastKnownFileType = sourcecode.swift; path = CustomImageViewComponentContainer.swift; sourceTree = "<group>"; };
		90ECA3D727335F91007F538B /* CustomImageViewComponentData.swift */ = {isa = PBXFileReference; fileEncoding = 4; lastKnownFileType = sourcecode.swift; path = CustomImageViewComponentData.swift; sourceTree = "<group>"; };
		90ECA3D827335F91007F538B /* CustomImageViewComponent.swift */ = {isa = PBXFileReference; fileEncoding = 4; lastKnownFileType = sourcecode.swift; path = CustomImageViewComponent.swift; sourceTree = "<group>"; };
		90ECA3D927335F91007F538B /* CustomImageLoadingType.swift */ = {isa = PBXFileReference; fileEncoding = 4; lastKnownFileType = sourcecode.swift; path = CustomImageLoadingType.swift; sourceTree = "<group>"; };
		90ECA3DE273360B3007F538B /* GenericDataProtocol.swift */ = {isa = PBXFileReference; lastKnownFileType = sourcecode.swift; path = GenericDataProtocol.swift; sourceTree = "<group>"; };
		90ECA3E127336173007F538B /* ImageCacheManager.swift */ = {isa = PBXFileReference; lastKnownFileType = sourcecode.swift; path = ImageCacheManager.swift; sourceTree = "<group>"; };
		90ECA3E327336248007F538B /* GenericCollectionViewCell.swift */ = {isa = PBXFileReference; lastKnownFileType = sourcecode.swift; path = GenericCollectionViewCell.swift; sourceTree = "<group>"; };
		90ECA3E527336272007F538B /* BaseCollectionViewCell.swift */ = {isa = PBXFileReference; lastKnownFileType = sourcecode.swift; path = BaseCollectionViewCell.swift; sourceTree = "<group>"; };
		90ECA3E92733633E007F538B /* MovieCardDisplayerCollectionCellView.swift */ = {isa = PBXFileReference; lastKnownFileType = sourcecode.swift; path = MovieCardDisplayerCollectionCellView.swift; sourceTree = "<group>"; };
		90ECA3EC273363F3007F538B /* CollectionComponentData.swift */ = {isa = PBXFileReference; lastKnownFileType = sourcecode.swift; path = CollectionComponentData.swift; sourceTree = "<group>"; };
		90ECA3EE27336424007F538B /* CollectionComponentDelegate.swift */ = {isa = PBXFileReference; lastKnownFileType = sourcecode.swift; path = CollectionComponentDelegate.swift; sourceTree = "<group>"; };
		90ECA3F02733644A007F538B /* CollectionComponent.swift */ = {isa = PBXFileReference; lastKnownFileType = sourcecode.swift; path = CollectionComponent.swift; sourceTree = "<group>"; };
		90ECA3F2273364D2007F538B /* LoadingCellView.swift */ = {isa = PBXFileReference; lastKnownFileType = sourcecode.swift; path = LoadingCellView.swift; sourceTree = "<group>"; };
		90ECA3F527336525007F538B /* UIView+Extensions.swift */ = {isa = PBXFileReference; lastKnownFileType = sourcecode.swift; path = "UIView+Extensions.swift"; sourceTree = "<group>"; };
		90ECA3F72733657D007F538B /* UICollectionView+Extensions.swift */ = {isa = PBXFileReference; lastKnownFileType = sourcecode.swift; path = "UICollectionView+Extensions.swift"; sourceTree = "<group>"; };
/* End PBXFileReference section */

/* Begin PBXFrameworksBuildPhase section */
		903743862731EA680057AC6E /* Frameworks */ = {
			isa = PBXFrameworksBuildPhase;
			buildActionMask = 2147483647;
			files = (
				903743A22731F2B90057AC6E /* FirebaseAnalytics in Frameworks */,
				90ECA3C727321828007F538B /* Reachability in Frameworks */,
				903743A42731F2B90057AC6E /* FirebaseRemoteConfig in Frameworks */,
			);
			runOnlyForDeploymentPostprocessing = 0;
		};
/* End PBXFrameworksBuildPhase section */

/* Begin PBXGroup section */
		903743802731EA680057AC6E = {
			isa = PBXGroup;
			children = (
				9037438B2731EA680057AC6E /* OMDB */,
				9037438A2731EA680057AC6E /* Products */,
			);
			sourceTree = "<group>";
		};
		9037438A2731EA680057AC6E /* Products */ = {
			isa = PBXGroup;
			children = (
				903743892731EA680057AC6E /* OMDB.app */,
			);
			name = Products;
			sourceTree = "<group>";
		};
		9037438B2731EA680057AC6E /* OMDB */ = {
			isa = PBXGroup;
			children = (
				90ECA39727320F54007F538B /* BaseModules */,
				90ECA3CC27335DAF007F538B /* Components */,
				90ECA38A2731FA7D007F538B /* SceneModules */,
				90ECA3842731F7BF007F538B /* Managers */,
				90ECA39B27320FD6007F538B /* Utilities */,
				9037438C2731EA680057AC6E /* AppDelegate.swift */,
				903743902731EA680057AC6E /* ViewController.swift */,
				903743952731EA6E0057AC6E /* Assets.xcassets */,
				903743972731EA6E0057AC6E /* LaunchScreen.storyboard */,
				9037439A2731EA6E0057AC6E /* Info.plist */,
				903743A52731F2F60057AC6E /* GoogleService-Info.plist */,
			);
			path = OMDB;
			sourceTree = "<group>";
		};
		90ECA3842731F7BF007F538B /* Managers */ = {
			isa = PBXGroup;
			children = (
				90ECA3902731FDC8007F538B /* FirebaseRemoteConfigManager */,
				90ECA3872731F9C6007F538B /* ConnectivityManager */,
				90ECA3E027336157007F538B /* CacheManager */,
			);
			path = Managers;
			sourceTree = "<group>";
		};
		90ECA3872731F9C6007F538B /* ConnectivityManager */ = {
			isa = PBXGroup;
			children = (
				90ECA3852731F83E007F538B /* ConnectivityManager.swift */,
				90ECA3882731F9DB007F538B /* ConnectivityManagerProtocol.swift */,
			);
			path = ConnectivityManager;
			sourceTree = "<group>";
		};
		90ECA38A2731FA7D007F538B /* SceneModules */ = {
			isa = PBXGroup;
			children = (
				90ECA38B2731FA81007F538B /* SplashScene */,
			);
			path = SceneModules;
			sourceTree = "<group>";
		};
		90ECA38B2731FA81007F538B /* SplashScene */ = {
			isa = PBXGroup;
			children = (
				90ECA38C2731FA8C007F538B /* SplashViewModel.swift */,
				90ECA38E2731FC72007F538B /* SplashViewState.swift */,
				90ECA39527320F39007F538B /* SplashViewController.swift */,
				90ECA3C32732135C007F538B /* SplashViewBuilder.swift */,
			);
			path = SplashScene;
			sourceTree = "<group>";
		};
		90ECA3902731FDC8007F538B /* FirebaseRemoteConfigManager */ = {
			isa = PBXGroup;
			children = (
				90ECA3912731FE1D007F538B /* FirebaseRemoteConfigManager.swift */,
				90ECA3932732018A007F538B /* FirebaseRemoteConfigManagerProtocol.swift */,
			);
			path = FirebaseRemoteConfigManager;
			sourceTree = "<group>";
		};
		90ECA39727320F54007F538B /* BaseModules */ = {
			isa = PBXGroup;
			children = (
				90ECA39827320F58007F538B /* Views */,
				90ECA3BC2732107A007F538B /* Protocols */,
			);
			path = BaseModules;
			sourceTree = "<group>";
		};
		90ECA39827320F58007F538B /* Views */ = {
			isa = PBXGroup;
			children = (
				90ECA3CA27335D94007F538B /* BaseView.swift */,
				90ECA39927320F60007F538B /* BaseViewController.swift */,
				90ECA3C827335D7A007F538B /* GenericBaseView.swift */,
				90ECA3E327336248007F538B /* GenericCollectionViewCell.swift */,
				90ECA3E527336272007F538B /* BaseCollectionViewCell.swift */,
			);
			path = Views;
			sourceTree = "<group>";
		};
		90ECA39B27320FD6007F538B /* Utilities */ = {
			isa = PBXGroup;
			children = (
				90ECA3BF273210F9007F538B /* AssetHelpers */,
				90ECA3D227335EA6007F538B /* ColorHelper */,
				90ECA3F427336514007F538B /* Extensions */,
				90ECA39C27320FE4007F538B /* FontHelper */,
			);
			path = Utilities;
			sourceTree = "<group>";
		};
		90ECA39C27320FE4007F538B /* FontHelper */ = {
			isa = PBXGroup;
			children = (
				90ECA39E27320FF9007F538B /* Roboto */,
				90ECA3BA27321035007F538B /* MainFont.swift */,
			);
			path = FontHelper;
			sourceTree = "<group>";
		};
		90ECA39E27320FF9007F538B /* Roboto */ = {
			isa = PBXGroup;
			children = (
				90ECA39F27320FF9007F538B /* Roboto-Medium.ttf */,
				90ECA3A127320FF9007F538B /* Roboto-Regular.ttf */,
				90ECA3A727320FF9007F538B /* LICENSE.txt */,
				90ECA3A927320FF9007F538B /* Roboto-Bold.ttf */,
			);
			path = Roboto;
			sourceTree = "<group>";
		};
		90ECA3BC2732107A007F538B /* Protocols */ = {
			isa = PBXGroup;
			children = (
				90ECA3BD2732108A007F538B /* GenericValueProtocol.swift */,
				90ECA3DE273360B3007F538B /* GenericDataProtocol.swift */,
			);
			path = Protocols;
			sourceTree = "<group>";
		};
		90ECA3BF273210F9007F538B /* AssetHelpers */ = {
			isa = PBXGroup;
			children = (
				90ECA3C027321107007F538B /* PageViewImages.swift */,
			);
			path = AssetHelpers;
			sourceTree = "<group>";
		};
		90ECA3CC27335DAF007F538B /* Components */ = {
			isa = PBXGroup;
			children = (
				90ECA3D527335F91007F538B /* CustomImageViewComponent */,
				90ECA3CD27335DC9007F538B /* MovieCardComponent */,
				90ECA3E727336286007F538B /* CollectionComponent */,
			);
			path = Components;
			sourceTree = "<group>";
		};
		90ECA3CD27335DC9007F538B /* MovieCardComponent */ = {
			isa = PBXGroup;
			children = (
				90ECA3D027335E64007F538B /* MovieCardView.swift */,
				90ECA3CE27335DE2007F538B /* MovieCardData.swift */,
			);
			path = MovieCardComponent;
			sourceTree = "<group>";
		};
		90ECA3D227335EA6007F538B /* ColorHelper */ = {
			isa = PBXGroup;
			children = (
				90ECA3D327335EB8007F538B /* OMDBColor.swift */,
			);
			path = ColorHelper;
			sourceTree = "<group>";
		};
		90ECA3D527335F91007F538B /* CustomImageViewComponent */ = {
			isa = PBXGroup;
			children = (
				90ECA3D627335F91007F538B /* CustomImageViewComponentContainer.swift */,
				90ECA3D727335F91007F538B /* CustomImageViewComponentData.swift */,
				90ECA3D827335F91007F538B /* CustomImageViewComponent.swift */,
				90ECA3D927335F91007F538B /* CustomImageLoadingType.swift */,
			);
			path = CustomImageViewComponent;
			sourceTree = "<group>";
		};
		90ECA3E027336157007F538B /* CacheManager */ = {
			isa = PBXGroup;
			children = (
				90ECA3E127336173007F538B /* ImageCacheManager.swift */,
			);
			path = CacheManager;
			sourceTree = "<group>";
		};
		90ECA3E727336286007F538B /* CollectionComponent */ = {
			isa = PBXGroup;
			children = (
				90ECA3EB273363E3007F538B /* MainComponents */,
				90ECA3E827336326007F538B /* CellComponents */,
			);
			path = CollectionComponent;
			sourceTree = "<group>";
		};
		90ECA3E827336326007F538B /* CellComponents */ = {
			isa = PBXGroup;
			children = (
				90ECA3E92733633E007F538B /* MovieCardDisplayerCollectionCellView.swift */,
				90ECA3F2273364D2007F538B /* LoadingCellView.swift */,
			);
			path = CellComponents;
			sourceTree = "<group>";
		};
		90ECA3EB273363E3007F538B /* MainComponents */ = {
			isa = PBXGroup;
			children = (
				90ECA3F02733644A007F538B /* CollectionComponent.swift */,
				90ECA3EE27336424007F538B /* CollectionComponentDelegate.swift */,
				90ECA3EC273363F3007F538B /* CollectionComponentData.swift */,
			);
			path = MainComponents;
			sourceTree = "<group>";
		};
		90ECA3F427336514007F538B /* Extensions */ = {
			isa = PBXGroup;
			children = (
				90ECA3F527336525007F538B /* UIView+Extensions.swift */,
				90ECA3F72733657D007F538B /* UICollectionView+Extensions.swift */,
			);
			path = Extensions;
			sourceTree = "<group>";
		};
/* End PBXGroup section */

/* Begin PBXNativeTarget section */
		903743882731EA680057AC6E /* OMDB */ = {
			isa = PBXNativeTarget;
			buildConfigurationList = 9037439D2731EA6E0057AC6E /* Build configuration list for PBXNativeTarget "OMDB" */;
			buildPhases = (
				903743852731EA680057AC6E /* Sources */,
				903743862731EA680057AC6E /* Frameworks */,
				903743872731EA680057AC6E /* Resources */,
			);
			buildRules = (
			);
			dependencies = (
			);
			name = OMDB;
			packageProductDependencies = (
				903743A12731F2B90057AC6E /* FirebaseAnalytics */,
				903743A32731F2B90057AC6E /* FirebaseRemoteConfig */,
				90ECA3C627321828007F538B /* Reachability */,
			);
			productName = OMDB;
			productReference = 903743892731EA680057AC6E /* OMDB.app */;
			productType = "com.apple.product-type.application";
		};
/* End PBXNativeTarget section */

/* Begin PBXProject section */
		903743812731EA680057AC6E /* Project object */ = {
			isa = PBXProject;
			attributes = {
				BuildIndependentTargetsInParallel = 1;
				LastSwiftUpdateCheck = 1300;
				LastUpgradeCheck = 1300;
				TargetAttributes = {
					903743882731EA680057AC6E = {
						CreatedOnToolsVersion = 13.0;
					};
				};
			};
			buildConfigurationList = 903743842731EA680057AC6E /* Build configuration list for PBXProject "OMDB" */;
			compatibilityVersion = "Xcode 13.0";
			developmentRegion = en;
			hasScannedForEncodings = 0;
			knownRegions = (
				en,
				Base,
			);
			mainGroup = 903743802731EA680057AC6E;
			packageReferences = (
				903743A02731F2B90057AC6E /* XCRemoteSwiftPackageReference "firebase-ios-sdk" */,
				90ECA3C527321827007F538B /* XCRemoteSwiftPackageReference "Reachability" */,
			);
			productRefGroup = 9037438A2731EA680057AC6E /* Products */;
			projectDirPath = "";
			projectRoot = "";
			targets = (
				903743882731EA680057AC6E /* OMDB */,
			);
		};
/* End PBXProject section */

/* Begin PBXResourcesBuildPhase section */
		903743872731EA680057AC6E /* Resources */ = {
			isa = PBXResourcesBuildPhase;
			buildActionMask = 2147483647;
			files = (
				90ECA3B627320FF9007F538B /* Roboto-Bold.ttf in Resources */,
				90ECA3B427320FF9007F538B /* LICENSE.txt in Resources */,
				90ECA3AE27320FF9007F538B /* Roboto-Regular.ttf in Resources */,
				90ECA3AC27320FF9007F538B /* Roboto-Medium.ttf in Resources */,
				903743992731EA6E0057AC6E /* LaunchScreen.storyboard in Resources */,
				903743962731EA6E0057AC6E /* Assets.xcassets in Resources */,
				903743A62731F2F60057AC6E /* GoogleService-Info.plist in Resources */,
			);
			runOnlyForDeploymentPostprocessing = 0;
		};
/* End PBXResourcesBuildPhase section */

/* Begin PBXSourcesBuildPhase section */
		903743852731EA680057AC6E /* Sources */ = {
			isa = PBXSourcesBuildPhase;
			buildActionMask = 2147483647;
			files = (
				90ECA3C127321107007F538B /* PageViewImages.swift in Sources */,
				90ECA3ED273363F3007F538B /* CollectionComponentData.swift in Sources */,
				90ECA38D2731FA8C007F538B /* SplashViewModel.swift in Sources */,
				90ECA3892731F9DB007F538B /* ConnectivityManagerProtocol.swift in Sources */,
				90ECA3CF27335DE2007F538B /* MovieCardData.swift in Sources */,
				90ECA3922731FE1D007F538B /* FirebaseRemoteConfigManager.swift in Sources */,
				90ECA39627320F39007F538B /* SplashViewController.swift in Sources */,
				90ECA3E427336248007F538B /* GenericCollectionViewCell.swift in Sources */,
				90ECA3DB27335F91007F538B /* CustomImageViewComponentData.swift in Sources */,
				90ECA3F3273364D2007F538B /* LoadingCellView.swift in Sources */,
				903743912731EA680057AC6E /* ViewController.swift in Sources */,
				90ECA3DD27335F91007F538B /* CustomImageLoadingType.swift in Sources */,
				90ECA3BE2732108A007F538B /* GenericValueProtocol.swift in Sources */,
				90ECA3E627336272007F538B /* BaseCollectionViewCell.swift in Sources */,
				90ECA39A27320F60007F538B /* BaseViewController.swift in Sources */,
				90ECA3D427335EB8007F538B /* OMDBColor.swift in Sources */,
				90ECA3E227336173007F538B /* ImageCacheManager.swift in Sources */,
				90ECA3EA2733633E007F538B /* MovieCardDisplayerCollectionCellView.swift in Sources */,
				90ECA3F82733657D007F538B /* UICollectionView+Extensions.swift in Sources */,
				90ECA3DC27335F91007F538B /* CustomImageViewComponent.swift in Sources */,
				90ECA3C927335D7A007F538B /* GenericBaseView.swift in Sources */,
				90ECA3BB27321035007F538B /* MainFont.swift in Sources */,
				90ECA3F627336525007F538B /* UIView+Extensions.swift in Sources */,
				90ECA3C42732135C007F538B /* SplashViewBuilder.swift in Sources */,
				90ECA3942732018A007F538B /* FirebaseRemoteConfigManagerProtocol.swift in Sources */,
				90ECA3D127335E64007F538B /* MovieCardView.swift in Sources */,
				9037438D2731EA680057AC6E /* AppDelegate.swift in Sources */,
				90ECA3862731F83E007F538B /* ConnectivityManager.swift in Sources */,
				90ECA3DA27335F91007F538B /* CustomImageViewComponentContainer.swift in Sources */,
				90ECA3DF273360B3007F538B /* GenericDataProtocol.swift in Sources */,
				90ECA38F2731FC72007F538B /* SplashViewState.swift in Sources */,
				90ECA3EF27336424007F538B /* CollectionComponentDelegate.swift in Sources */,
				90ECA3F12733644A007F538B /* CollectionComponent.swift in Sources */,
				90ECA3CB27335D94007F538B /* BaseView.swift in Sources */,
			);
			runOnlyForDeploymentPostprocessing = 0;
		};
/* End PBXSourcesBuildPhase section */

/* Begin PBXVariantGroup section */
		903743972731EA6E0057AC6E /* LaunchScreen.storyboard */ = {
			isa = PBXVariantGroup;
			children = (
				903743982731EA6E0057AC6E /* Base */,
			);
			name = LaunchScreen.storyboard;
			sourceTree = "<group>";
		};
/* End PBXVariantGroup section */

/* Begin XCBuildConfiguration section */
		9037439B2731EA6E0057AC6E /* Debug */ = {
			isa = XCBuildConfiguration;
			buildSettings = {
				ALWAYS_SEARCH_USER_PATHS = NO;
				CLANG_ANALYZER_NONNULL = YES;
				CLANG_ANALYZER_NUMBER_OBJECT_CONVERSION = YES_AGGRESSIVE;
				CLANG_CXX_LANGUAGE_STANDARD = "gnu++17";
				CLANG_CXX_LIBRARY = "libc++";
				CLANG_ENABLE_MODULES = YES;
				CLANG_ENABLE_OBJC_ARC = YES;
				CLANG_ENABLE_OBJC_WEAK = YES;
				CLANG_WARN_BLOCK_CAPTURE_AUTORELEASING = YES;
				CLANG_WARN_BOOL_CONVERSION = YES;
				CLANG_WARN_COMMA = YES;
				CLANG_WARN_CONSTANT_CONVERSION = YES;
				CLANG_WARN_DEPRECATED_OBJC_IMPLEMENTATIONS = YES;
				CLANG_WARN_DIRECT_OBJC_ISA_USAGE = YES_ERROR;
				CLANG_WARN_DOCUMENTATION_COMMENTS = YES;
				CLANG_WARN_EMPTY_BODY = YES;
				CLANG_WARN_ENUM_CONVERSION = YES;
				CLANG_WARN_INFINITE_RECURSION = YES;
				CLANG_WARN_INT_CONVERSION = YES;
				CLANG_WARN_NON_LITERAL_NULL_CONVERSION = YES;
				CLANG_WARN_OBJC_IMPLICIT_RETAIN_SELF = YES;
				CLANG_WARN_OBJC_LITERAL_CONVERSION = YES;
				CLANG_WARN_OBJC_ROOT_CLASS = YES_ERROR;
				CLANG_WARN_QUOTED_INCLUDE_IN_FRAMEWORK_HEADER = YES;
				CLANG_WARN_RANGE_LOOP_ANALYSIS = YES;
				CLANG_WARN_STRICT_PROTOTYPES = YES;
				CLANG_WARN_SUSPICIOUS_MOVE = YES;
				CLANG_WARN_UNGUARDED_AVAILABILITY = YES_AGGRESSIVE;
				CLANG_WARN_UNREACHABLE_CODE = YES;
				CLANG_WARN__DUPLICATE_METHOD_MATCH = YES;
				COPY_PHASE_STRIP = NO;
				DEBUG_INFORMATION_FORMAT = dwarf;
				ENABLE_STRICT_OBJC_MSGSEND = YES;
				ENABLE_TESTABILITY = YES;
				GCC_C_LANGUAGE_STANDARD = gnu11;
				GCC_DYNAMIC_NO_PIC = NO;
				GCC_NO_COMMON_BLOCKS = YES;
				GCC_OPTIMIZATION_LEVEL = 0;
				GCC_PREPROCESSOR_DEFINITIONS = (
					"DEBUG=1",
					"$(inherited)",
				);
				GCC_WARN_64_TO_32_BIT_CONVERSION = YES;
				GCC_WARN_ABOUT_RETURN_TYPE = YES_ERROR;
				GCC_WARN_UNDECLARED_SELECTOR = YES;
				GCC_WARN_UNINITIALIZED_AUTOS = YES_AGGRESSIVE;
				GCC_WARN_UNUSED_FUNCTION = YES;
				GCC_WARN_UNUSED_VARIABLE = YES;
				IPHONEOS_DEPLOYMENT_TARGET = 15.0;
				MTL_ENABLE_DEBUG_INFO = INCLUDE_SOURCE;
				MTL_FAST_MATH = YES;
				ONLY_ACTIVE_ARCH = YES;
				SDKROOT = iphoneos;
				SWIFT_ACTIVE_COMPILATION_CONDITIONS = DEBUG;
				SWIFT_OPTIMIZATION_LEVEL = "-Onone";
			};
			name = Debug;
		};
		9037439C2731EA6E0057AC6E /* Release */ = {
			isa = XCBuildConfiguration;
			buildSettings = {
				ALWAYS_SEARCH_USER_PATHS = NO;
				CLANG_ANALYZER_NONNULL = YES;
				CLANG_ANALYZER_NUMBER_OBJECT_CONVERSION = YES_AGGRESSIVE;
				CLANG_CXX_LANGUAGE_STANDARD = "gnu++17";
				CLANG_CXX_LIBRARY = "libc++";
				CLANG_ENABLE_MODULES = YES;
				CLANG_ENABLE_OBJC_ARC = YES;
				CLANG_ENABLE_OBJC_WEAK = YES;
				CLANG_WARN_BLOCK_CAPTURE_AUTORELEASING = YES;
				CLANG_WARN_BOOL_CONVERSION = YES;
				CLANG_WARN_COMMA = YES;
				CLANG_WARN_CONSTANT_CONVERSION = YES;
				CLANG_WARN_DEPRECATED_OBJC_IMPLEMENTATIONS = YES;
				CLANG_WARN_DIRECT_OBJC_ISA_USAGE = YES_ERROR;
				CLANG_WARN_DOCUMENTATION_COMMENTS = YES;
				CLANG_WARN_EMPTY_BODY = YES;
				CLANG_WARN_ENUM_CONVERSION = YES;
				CLANG_WARN_INFINITE_RECURSION = YES;
				CLANG_WARN_INT_CONVERSION = YES;
				CLANG_WARN_NON_LITERAL_NULL_CONVERSION = YES;
				CLANG_WARN_OBJC_IMPLICIT_RETAIN_SELF = YES;
				CLANG_WARN_OBJC_LITERAL_CONVERSION = YES;
				CLANG_WARN_OBJC_ROOT_CLASS = YES_ERROR;
				CLANG_WARN_QUOTED_INCLUDE_IN_FRAMEWORK_HEADER = YES;
				CLANG_WARN_RANGE_LOOP_ANALYSIS = YES;
				CLANG_WARN_STRICT_PROTOTYPES = YES;
				CLANG_WARN_SUSPICIOUS_MOVE = YES;
				CLANG_WARN_UNGUARDED_AVAILABILITY = YES_AGGRESSIVE;
				CLANG_WARN_UNREACHABLE_CODE = YES;
				CLANG_WARN__DUPLICATE_METHOD_MATCH = YES;
				COPY_PHASE_STRIP = NO;
				DEBUG_INFORMATION_FORMAT = "dwarf-with-dsym";
				ENABLE_NS_ASSERTIONS = NO;
				ENABLE_STRICT_OBJC_MSGSEND = YES;
				GCC_C_LANGUAGE_STANDARD = gnu11;
				GCC_NO_COMMON_BLOCKS = YES;
				GCC_WARN_64_TO_32_BIT_CONVERSION = YES;
				GCC_WARN_ABOUT_RETURN_TYPE = YES_ERROR;
				GCC_WARN_UNDECLARED_SELECTOR = YES;
				GCC_WARN_UNINITIALIZED_AUTOS = YES_AGGRESSIVE;
				GCC_WARN_UNUSED_FUNCTION = YES;
				GCC_WARN_UNUSED_VARIABLE = YES;
				IPHONEOS_DEPLOYMENT_TARGET = 15.0;
				MTL_ENABLE_DEBUG_INFO = NO;
				MTL_FAST_MATH = YES;
				SDKROOT = iphoneos;
				SWIFT_COMPILATION_MODE = wholemodule;
				SWIFT_OPTIMIZATION_LEVEL = "-O";
				VALIDATE_PRODUCT = YES;
			};
			name = Release;
		};
		9037439E2731EA6E0057AC6E /* Debug */ = {
			isa = XCBuildConfiguration;
			buildSettings = {
				ASSETCATALOG_COMPILER_APPICON_NAME = AppIcon;
				ASSETCATALOG_COMPILER_GLOBAL_ACCENT_COLOR_NAME = AccentColor;
				CODE_SIGN_STYLE = Automatic;
				CURRENT_PROJECT_VERSION = 1;
				DEVELOPMENT_TEAM = K837NJXMYB;
				GENERATE_INFOPLIST_FILE = YES;
				INFOPLIST_FILE = OMDB/Info.plist;
				INFOPLIST_KEY_UIApplicationSupportsIndirectInputEvents = YES;
				INFOPLIST_KEY_UILaunchStoryboardName = LaunchScreen;
				INFOPLIST_KEY_UISupportedInterfaceOrientations_iPad = "UIInterfaceOrientationPortrait UIInterfaceOrientationPortraitUpsideDown UIInterfaceOrientationLandscapeLeft UIInterfaceOrientationLandscapeRight";
				INFOPLIST_KEY_UISupportedInterfaceOrientations_iPhone = "UIInterfaceOrientationPortrait UIInterfaceOrientationLandscapeLeft UIInterfaceOrientationLandscapeRight";
				LD_RUNPATH_SEARCH_PATHS = (
					"$(inherited)",
					"@executable_path/Frameworks",
				);
				MARKETING_VERSION = 1.0;
				PRODUCT_BUNDLE_IDENTIFIER = com.emircan.OMDB;
				PRODUCT_NAME = "$(TARGET_NAME)";
				SWIFT_EMIT_LOC_STRINGS = YES;
				SWIFT_VERSION = 5.0;
				TARGETED_DEVICE_FAMILY = "1,2";
			};
			name = Debug;
		};
		9037439F2731EA6E0057AC6E /* Release */ = {
			isa = XCBuildConfiguration;
			buildSettings = {
				ASSETCATALOG_COMPILER_APPICON_NAME = AppIcon;
				ASSETCATALOG_COMPILER_GLOBAL_ACCENT_COLOR_NAME = AccentColor;
				CODE_SIGN_STYLE = Automatic;
				CURRENT_PROJECT_VERSION = 1;
				DEVELOPMENT_TEAM = K837NJXMYB;
				GENERATE_INFOPLIST_FILE = YES;
				INFOPLIST_FILE = OMDB/Info.plist;
				INFOPLIST_KEY_UIApplicationSupportsIndirectInputEvents = YES;
				INFOPLIST_KEY_UILaunchStoryboardName = LaunchScreen;
				INFOPLIST_KEY_UISupportedInterfaceOrientations_iPad = "UIInterfaceOrientationPortrait UIInterfaceOrientationPortraitUpsideDown UIInterfaceOrientationLandscapeLeft UIInterfaceOrientationLandscapeRight";
				INFOPLIST_KEY_UISupportedInterfaceOrientations_iPhone = "UIInterfaceOrientationPortrait UIInterfaceOrientationLandscapeLeft UIInterfaceOrientationLandscapeRight";
				LD_RUNPATH_SEARCH_PATHS = (
					"$(inherited)",
					"@executable_path/Frameworks",
				);
				MARKETING_VERSION = 1.0;
				PRODUCT_BUNDLE_IDENTIFIER = com.emircan.OMDB;
				PRODUCT_NAME = "$(TARGET_NAME)";
				SWIFT_EMIT_LOC_STRINGS = YES;
				SWIFT_VERSION = 5.0;
				TARGETED_DEVICE_FAMILY = "1,2";
			};
			name = Release;
		};
/* End XCBuildConfiguration section */

/* Begin XCConfigurationList section */
		903743842731EA680057AC6E /* Build configuration list for PBXProject "OMDB" */ = {
			isa = XCConfigurationList;
			buildConfigurations = (
				9037439B2731EA6E0057AC6E /* Debug */,
				9037439C2731EA6E0057AC6E /* Release */,
			);
			defaultConfigurationIsVisible = 0;
			defaultConfigurationName = Release;
		};
		9037439D2731EA6E0057AC6E /* Build configuration list for PBXNativeTarget "OMDB" */ = {
			isa = XCConfigurationList;
			buildConfigurations = (
				9037439E2731EA6E0057AC6E /* Debug */,
				9037439F2731EA6E0057AC6E /* Release */,
			);
			defaultConfigurationIsVisible = 0;
			defaultConfigurationName = Release;
		};
/* End XCConfigurationList section */

/* Begin XCRemoteSwiftPackageReference section */
		903743A02731F2B90057AC6E /* XCRemoteSwiftPackageReference "firebase-ios-sdk" */ = {
			isa = XCRemoteSwiftPackageReference;
			repositoryURL = "https://github.com/firebase/firebase-ios-sdk.git";
			requirement = {
				kind = upToNextMajorVersion;
				minimumVersion = 8.0.0;
			};
		};
		90ECA3C527321827007F538B /* XCRemoteSwiftPackageReference "Reachability" */ = {
			isa = XCRemoteSwiftPackageReference;
			repositoryURL = "https://github.com/ashleymills/Reachability.swift";
			requirement = {
				kind = upToNextMajorVersion;
				minimumVersion = 5.0.0;
			};
		};
/* End XCRemoteSwiftPackageReference section */

/* Begin XCSwiftPackageProductDependency section */
		903743A12731F2B90057AC6E /* FirebaseAnalytics */ = {
			isa = XCSwiftPackageProductDependency;
			package = 903743A02731F2B90057AC6E /* XCRemoteSwiftPackageReference "firebase-ios-sdk" */;
			productName = FirebaseAnalytics;
		};
		903743A32731F2B90057AC6E /* FirebaseRemoteConfig */ = {
			isa = XCSwiftPackageProductDependency;
			package = 903743A02731F2B90057AC6E /* XCRemoteSwiftPackageReference "firebase-ios-sdk" */;
			productName = FirebaseRemoteConfig;
		};
		90ECA3C627321828007F538B /* Reachability */ = {
			isa = XCSwiftPackageProductDependency;
			package = 90ECA3C527321827007F538B /* XCRemoteSwiftPackageReference "Reachability" */;
			productName = Reachability;
		};
/* End XCSwiftPackageProductDependency section */
	};
	rootObject = 903743812731EA680057AC6E /* Project object */;
}
